
Microsoft Visual Studio Solution File, Format Version 11.00
# Visual Studio 2010
Project("{FAE04EC0-301F-11D3-BF4B-00C04F79EFBC}") = "UnityEngine.UI", "UnityEngine.UI.csproj", "{fb481a14-9e81-4ae0-6a4e-a22816635a4e}"
EndProject
Project("{FAE04EC0-301F-11D3-BF4B-00C04F79EFBC}") = "Unity.RenderPipelines.Core.Runtime", "Unity.RenderPipelines.Core.Runtime.csproj", "{ab31c0a2-faa7-925b-a0e5-7ddbffea9a52}"
EndProject
Project("{FAE04EC0-301F-11D3-BF4B-00C04F79EFBC}") = "Unity.Services.Core.Telemetry", "Unity.Services.Core.Telemetry.csproj", "{28e5a1e1-67a9-1217-92ae-0e6ed9d147ae}"
EndProject
Project("{FAE04EC0-301F-11D3-BF4B-00C04F79EFBC}") = "UnityEngine.TestRunner", "UnityEngine.TestRunner.csproj", "{b5ed4d6c-c64e-c83d-f00d-8221f291c730}"
EndProject
Project("{FAE04EC0-301F-11D3-BF4B-00C04F79EFBC}") = "Unity.VisualScripting.State", "Unity.VisualScripting.State.csproj", "{3a5066a2-21d5-beab-bdac-3cdec2607358}"
EndProject
Project("{FAE04EC0-301F-11D3-BF4B-00C04F79EFBC}") = "Unity.RenderPipelines.Universal.Runtime", "Unity.RenderPipelines.Universal.Runtime.csproj", "{91f6b02e-5bb0-3e79-1232-85610f4f5153}"
EndProject
Project("{FAE04EC0-301F-11D3-BF4B-00C04F79EFBC}") = "Unity.Postprocessing.Runtime", "Unity.Postprocessing.Runtime.csproj", "{6bb03ee9-4004-e6df-9a58-48dcc8734dfa}"
EndProject
Project("{FAE04EC0-301F-11D3-BF4B-00C04F79EFBC}") = "Unity.VisualScripting.Flow", "Unity.VisualScripting.Flow.csproj", "{71fe04f8-a00c-e4ce-16be-1c7777cb9ef5}"
EndProject
Project("{FAE04EC0-301F-11D3-BF4B-00C04F79EFBC}") = "Assembly-CSharp", "Assembly-CSharp.csproj", "{9c127d36-625a-758a-5eeb-4a29ec4ceaf4}"
EndProject
Project("{FAE04EC0-301F-11D3-BF4B-00C04F79EFBC}") = "Unity.VisualScripting.Core", "Unity.VisualScripting.Core.csproj", "{d9e9b573-1d44-fd21-2545-f1d755920b87}"
EndProject
Project("{FAE04EC0-301F-11D3-BF4B-00C04F79EFBC}") = "Unity.Services.Core.Environments.Internal", "Unity.Services.Core.Environments.Internal.csproj", "{09d3cd14-93fb-97c4-9e8a-4bbad37a0b93}"
EndProject
Project("{FAE04EC0-301F-11D3-BF4B-00C04F79EFBC}") = "Unity.TextMeshPro", "Unity.TextMeshPro.csproj", "{510bdfa8-f6ba-9128-e128-bbf39536aa00}"
EndProject
Project("{FAE04EC0-301F-11D3-BF4B-00C04F79EFBC}") = "Unity.Burst", "Unity.Burst.csproj", "{d7a7a9b6-8329-488d-91b1-dab7858bfe30}"
EndProject
Project("{FAE04EC0-301F-11D3-BF4B-00C04F79EFBC}") = "Unity.RenderPipeline.Universal.ShaderLibrary", "Unity.RenderPipeline.Universal.ShaderLibrary.csproj", "{42c9eec7-bd08-49dd-5110-41e960b8ca2c}"
EndProject
Project("{FAE04EC0-301F-11D3-BF4B-00C04F79EFBC}") = "Unity.Services.Core.Environments", "Unity.Services.Core.Environments.csproj", "{797cba68-e65b-2b41-6886-b8e29d104ce7}"
EndProject
Project("{FAE04EC0-301F-11D3-BF4B-00C04F79EFBC}") = "Unity.ProBuilder.Poly2Tri", "Unity.ProBuilder.Poly2Tri.csproj", "{783f788b-d26c-0387-399d-adfe3cbf7425}"
EndProject
Project("{FAE04EC0-301F-11D3-BF4B-00C04F79EFBC}") = "Unity.Services.Core.Internal", "Unity.Services.Core.Internal.csproj", "{1b6af674-f7bf-0e28-91a6-823b4dc509d5}"
EndProject
Project("{FAE04EC0-301F-11D3-BF4B-00C04F79EFBC}") = "Unity.ProBuilder", "Unity.ProBuilder.csproj", "{6dd73239-c0f0-f1ba-9201-878dfc115664}"
EndProject
Project("{FAE04EC0-301F-11D3-BF4B-00C04F79EFBC}") = "Unity.Timeline", "Unity.Timeline.csproj", "{42588721-7461-7457-6709-cb7743d1e10e}"
EndProject
Project("{FAE04EC0-301F-11D3-BF4B-00C04F79EFBC}") = "Unity.Mathematics", "Unity.Mathematics.csproj", "{cc4bfcd3-a454-aac7-9208-7a9960d55703}"
EndProject
Project("{FAE04EC0-301F-11D3-BF4B-00C04F79EFBC}") = "Unity.ProGrids", "Unity.ProGrids.csproj", "{23e87c11-fd6c-4bdc-8b79-cdaabef36587}"
EndProject
Project("{FAE04EC0-301F-11D3-BF4B-00C04F79EFBC}") = "Unity.Services.Core.Scheduler", "Unity.Services.Core.Scheduler.csproj", "{96e652ce-5d6f-4734-bd1c-70186c27733e}"
EndProject
Project("{FAE04EC0-301F-11D3-BF4B-00C04F79EFBC}") = "Unity.Services.Core.Device", "Unity.Services.Core.Device.csproj", "{5cb77e4f-7b9b-72ba-c6dc-1d588874695d}"
EndProject
Project("{FAE04EC0-301F-11D3-BF4B-00C04F79EFBC}") = "Unity.Services.Core.Analytics", "Unity.Services.Core.Analytics.csproj", "{124cd71e-3d44-0fb9-182d-0d80545351b6}"
EndProject
Project("{FAE04EC0-301F-11D3-BF4B-00C04F79EFBC}") = "Assembly-CSharp-firstpass", "Assembly-CSharp-firstpass.csproj", "{cbf058f9-e596-88d8-7a0a-b23800c826cc}"
EndProject
Project("{FAE04EC0-301F-11D3-BF4B-00C04F79EFBC}") = "Unity.ProBuilder.KdTree", "Unity.ProBuilder.KdTree.csproj", "{9172598b-c338-2cf0-7d8a-91bf94253f1b}"
EndProject
Project("{FAE04EC0-301F-11D3-BF4B-00C04F79EFBC}") = "Unity.Services.Core.Configuration", "Unity.Services.Core.Configuration.csproj", "{503ae999-af45-4585-088a-536223d32df8}"
EndProject
Project("{FAE04EC0-301F-11D3-BF4B-00C04F79EFBC}") = "Unity.Services.Core.Threading", "Unity.Services.Core.Threading.csproj", "{7317b331-0ded-7f77-43d3-1a572e8694b8}"
EndProject
Project("{FAE04EC0-301F-11D3-BF4B-00C04F79EFBC}") = "Unity.Services.Core", "Unity.Services.Core.csproj", "{ac40813f-9120-f63c-69da-d32fa38f7016}"
EndProject
Project("{FAE04EC0-301F-11D3-BF4B-00C04F79EFBC}") = "Unity.Services.Core.Networking", "Unity.Services.Core.Networking.csproj", "{e43cdb21-615a-7291-f670-e39ef56af619}"
EndProject
Project("{FAE04EC0-301F-11D3-BF4B-00C04F79EFBC}") = "Unity.Services.Core.Registration", "Unity.Services.Core.Registration.csproj", "{d1bea3d7-a923-e84f-c5a4-943523644c96}"
EndProject
Project("{FAE04EC0-301F-11D3-BF4B-00C04F79EFBC}") = "Unity.ProBuilder.Csg", "Unity.ProBuilder.Csg.csproj", "{110ca3d3-a3fe-ccc7-a8b9-01349fcf08ac}"
EndProject
Project("{FAE04EC0-301F-11D3-BF4B-00C04F79EFBC}") = "Unity.ProBuilder.Stl", "Unity.ProBuilder.Stl.csproj", "{44e403d9-d374-07fd-27ff-add5f8661e8d}"
EndProject
Project("{FAE04EC0-301F-11D3-BF4B-00C04F79EFBC}") = "Unity.RenderPipelines.ShaderGraph.ShaderGraphLibrary", "Unity.RenderPipelines.ShaderGraph.ShaderGraphLibrary.csproj", "{97251288-7713-58f9-d2d6-d886651a3daf}"
EndProject
Project("{FAE04EC0-301F-11D3-BF4B-00C04F79EFBC}") = "Unity.RenderPipelines.Core.ShaderLibrary", "Unity.RenderPipelines.Core.ShaderLibrary.csproj", "{d03607a7-47bc-163b-906e-3f373edf8578}"
EndProject
Project("{FAE04EC0-301F-11D3-BF4B-00C04F79EFBC}") = "Unity.RenderPipelines.Universal.Shaders", "Unity.RenderPipelines.Universal.Shaders.csproj", "{89ebfa99-8eb1-6877-cbeb-90276ebb5205}"
EndProject
Project("{FAE04EC0-301F-11D3-BF4B-00C04F79EFBC}") = "Rewired_Windows_Functions", "Rewired_Windows_Functions.csproj", "{ce79d744-9b69-3a52-cbdf-f79e7dfc305f}"
EndProject
Project("{FAE04EC0-301F-11D3-BF4B-00C04F79EFBC}") = "Unity.PlasticSCM.Editor", "Unity.PlasticSCM.Editor.csproj", "{1f6d5cb3-3a6e-9986-733c-e5c7743eb2c7}"
EndProject
Project("{FAE04EC0-301F-11D3-BF4B-00C04F79EFBC}") = "Unity.VisualScripting.Core.Editor", "Unity.VisualScripting.Core.Editor.csproj", "{2382b172-77eb-2693-fba6-909dc498e44e}"
EndProject
Project("{FAE04EC0-301F-11D3-BF4B-00C04F79EFBC}") = "Unity.ShaderGraph.Editor", "Unity.ShaderGraph.Editor.csproj", "{3a49bb08-1ddd-a452-34ea-79848bf7191f}"
EndProject
Project("{FAE04EC0-301F-11D3-BF4B-00C04F79EFBC}") = "Unity.Timeline.Editor", "Unity.Timeline.Editor.csproj", "{57a41787-0a90-79bc-e330-4d7da3e89429}"
EndProject
Project("{FAE04EC0-301F-11D3-BF4B-00C04F79EFBC}") = "Unity.ProBuilder.Editor", "Unity.ProBuilder.Editor.csproj", "{021f6c6b-01d3-706a-4105-d67811133fc0}"
EndProject
Project("{FAE04EC0-301F-11D3-BF4B-00C04F79EFBC}") = "Unity.RenderPipelines.Universal.Editor", "Unity.RenderPipelines.Universal.Editor.csproj", "{8ff4003a-8b70-ffd2-abd6-08fabffdf9c8}"
EndProject
Project("{FAE04EC0-301F-11D3-BF4B-00C04F79EFBC}") = "Unity.TextMeshPro.Editor", "Unity.TextMeshPro.Editor.csproj", "{21f175e8-e3fd-3990-33e5-36a9b968202c}"
EndProject
Project("{FAE04EC0-301F-11D3-BF4B-00C04F79EFBC}") = "Assembly-CSharp-Editor", "Assembly-CSharp-Editor.csproj", "{d0475a2a-772d-1b62-b355-87af02427c61}"
EndProject
Project("{FAE04EC0-301F-11D3-BF4B-00C04F79EFBC}") = "Unity.VisualScripting.SettingsProvider.Editor", "Unity.VisualScripting.SettingsProvider.Editor.csproj", "{c7f94480-89c3-f5a0-5bf3-d1cc70922e9a}"
EndProject
Project("{FAE04EC0-301F-11D3-BF4B-00C04F79EFBC}") = "UnityEditor.TestRunner", "UnityEditor.TestRunner.csproj", "{33973077-f69a-7d4e-08f7-51fb93dcb6ab}"
EndProject
Project("{FAE04EC0-301F-11D3-BF4B-00C04F79EFBC}") = "Unity.2D.Tilemap.Editor", "Unity.2D.Tilemap.Editor.csproj", "{a765c980-d9d9-be72-5a1e-a85e15efa409}"
EndProject
Project("{FAE04EC0-301F-11D3-BF4B-00C04F79EFBC}") = "Unity.TestTools.CodeCoverage.Editor", "Unity.TestTools.CodeCoverage.Editor.csproj", "{a5a16e2f-ac0d-d64d-b09e-b96f981a0fe4}"
EndProject
Project("{FAE04EC0-301F-11D3-BF4B-00C04F79EFBC}") = "Unity.VisualScripting.Flow.Editor", "Unity.VisualScripting.Flow.Editor.csproj", "{221cc6ac-f89f-516a-f79f-780bac6da792}"
EndProject
Project("{FAE04EC0-301F-11D3-BF4B-00C04F79EFBC}") = "Unity.Rider.Editor", "Unity.Rider.Editor.csproj", "{a6ce04a7-b2ff-3ced-fd62-55ea1e166e42}"
EndProject
Project("{FAE04EC0-301F-11D3-BF4B-00C04F79EFBC}") = "Unity.CollabProxy.Editor", "Unity.CollabProxy.Editor.csproj", "{fa31dc3f-9fa3-1c6b-9e10-f0c8702867c2}"
EndProject
Project("{FAE04EC0-301F-11D3-BF4B-00C04F79EFBC}") = "Unity.Performance.Profile-Analyzer.Editor", "Unity.Performance.Profile-Analyzer.Editor.csproj", "{e2d17e0f-4f18-42b4-3451-2634dd73e621}"
EndProject
Project("{FAE04EC0-301F-11D3-BF4B-00C04F79EFBC}") = "Unity.RenderPipelines.Core.Editor", "Unity.RenderPipelines.Core.Editor.csproj", "{94a3c5cc-c07c-4039-dbe5-8dec5be0d6b4}"
EndProject
Project("{FAE04EC0-301F-11D3-BF4B-00C04F79EFBC}") = "Unity.Services.Core.Editor", "Unity.Services.Core.Editor.csproj", "{c26e9f09-8c35-203f-1a49-ae0e1cb6ac32}"
EndProject
Project("{FAE04EC0-301F-11D3-BF4B-00C04F79EFBC}") = "Unity.Postprocessing.Editor", "Unity.Postprocessing.Editor.csproj", "{140a0c37-12fb-6aa5-0578-d2985703c65c}"
EndProject
Project("{FAE04EC0-301F-11D3-BF4B-00C04F79EFBC}") = "Unity.SysrootPackage.Editor", "Unity.SysrootPackage.Editor.csproj", "{33c54015-e8a0-4c08-6435-29bdd42fb469}"
EndProject
Project("{FAE04EC0-301F-11D3-BF4B-00C04F79EFBC}") = "Unity.Burst.CodeGen", "Unity.Burst.CodeGen.csproj", "{61397263-b0e3-b206-1c61-d7762c7e3f76}"
EndProject
Project("{FAE04EC0-301F-11D3-BF4B-00C04F79EFBC}") = "Unity.VSCode.Editor", "Unity.VSCode.Editor.csproj", "{24c0d186-f6fb-d6cf-4903-b6e4e83d23a0}"
EndProject
Project("{FAE04EC0-301F-11D3-BF4B-00C04F79EFBC}") = "Unity.VisualStudio.Editor", "Unity.VisualStudio.Editor.csproj", "{59d9e17f-98a6-df59-b3c2-0c2b2121d200}"
EndProject
Project("{FAE04EC0-301F-11D3-BF4B-00C04F79EFBC}") = "Unity.TestTools.CodeCoverage.Editor.OpenCover.Model", "Unity.TestTools.CodeCoverage.Editor.OpenCover.Model.csproj", "{016a729c-30fc-ec49-1d5e-46707e4e109b}"
EndProject
Project("{FAE04EC0-301F-11D3-BF4B-00C04F79EFBC}") = "Unity.Settings.Editor", "Unity.Settings.Editor.csproj", "{fb23dd74-2314-5989-3ac7-f1abae8f738a}"
EndProject
Project("{FAE04EC0-301F-11D3-BF4B-00C04F79EFBC}") = "PPv2URPConverters", "PPv2URPConverters.csproj", "{46aa26f8-7f8b-8766-ff6a-e59e00f2032b}"
EndProject
Project("{FAE04EC0-301F-11D3-BF4B-00C04F79EFBC}") = "Unity.2D.Sprite.Editor", "Unity.2D.Sprite.Editor.csproj", "{81a6b756-66a8-34b1-8a98-723f69c9525c}"
EndProject
Project("{FAE04EC0-301F-11D3-BF4B-00C04F79EFBC}") = "Unity.VisualScripting.State.Editor", "Unity.VisualScripting.State.Editor.csproj", "{89449ee5-044c-e6c1-bca6-725f775b0b51}"
EndProject
Project("{FAE04EC0-301F-11D3-BF4B-00C04F79EFBC}") = "UnityEditor.UI", "UnityEditor.UI.csproj", "{76b548ec-616e-f76d-7644-b03e1f77ea4c}"
EndProject
Project("{FAE04EC0-301F-11D3-BF4B-00C04F79EFBC}") = "Unity.Searcher.Editor", "Unity.Searcher.Editor.csproj", "{82199ec2-f02b-3dfe-a9f5-2cc1ed99c472}"
EndProject
Project("{FAE04EC0-301F-11D3-BF4B-00C04F79EFBC}") = "Unity.Services.Core.Configuration.Editor", "Unity.Services.Core.Configuration.Editor.csproj", "{8f2232b7-de37-dfa9-2bf1-7305dd76bb0c}"
EndProject
Project("{FAE04EC0-301F-11D3-BF4B-00C04F79EFBC}") = "Unity.ProGrids.Editor", "Unity.ProGrids.Editor.csproj", "{dd4a745e-0599-e1e2-7ccb-03379fd04b1d}"
EndProject
Project("{FAE04EC0-301F-11D3-BF4B-00C04F79EFBC}") = "Unity.Burst.Editor", "Unity.Burst.Editor.csproj", "{43e95c85-5d21-79fc-8fd7-0bb55f02757e}"
EndProject
Project("{FAE04EC0-301F-11D3-BF4B-00C04F79EFBC}") = "Unity.ProBuilder.AssetIdRemapUtility", "Unity.ProBuilder.AssetIdRemapUtility.csproj", "{c7bb3235-c4c2-a45c-f0c7-0bc382faf35d}"
EndProject
Project("{FAE04EC0-301F-11D3-BF4B-00C04F79EFBC}") = "Unity.ShaderGraph.Utilities", "Unity.ShaderGraph.Utilities.csproj", "{7f0f78b9-6174-ae63-a82c-e05a76042b1f}"
EndProject
Project("{FAE04EC0-301F-11D3-BF4B-00C04F79EFBC}") = "Unity.Sysroot.Linux_x86_64", "Unity.Sysroot.Linux_x86_64.csproj", "{405eef8f-58ec-e6e9-637d-40a1f4e93b42}"
EndProject
Project("{FAE04EC0-301F-11D3-BF4B-00C04F79EFBC}") = "Unity.Mathematics.Editor", "Unity.Mathematics.Editor.csproj", "{9a857628-0e56-ca1c-e6b3-860a2b5afa8a}"
EndProject
Project("{FAE04EC0-301F-11D3-BF4B-00C04F79EFBC}") = "Unity.TestTools.CodeCoverage.Editor.OpenCover.Mono.Reflection", "Unity.TestTools.CodeCoverage.Editor.OpenCover.Mono.Reflection.csproj", "{e13276b6-a244-088f-79cd-f97fa0ae7dd2}"
EndProject
Project("{FAE04EC0-301F-11D3-BF4B-00C04F79EFBC}") = "Unity.ProBuilder.AddOns.Editor", "Unity.ProBuilder.AddOns.Editor.csproj", "{91cf92ed-f54a-0df5-a514-99f4ca5c2e70}"
EndProject
Project("{FAE04EC0-301F-11D3-BF4B-00C04F79EFBC}") = "Unity.EditorCoroutines.Editor", "Unity.EditorCoroutines.Editor.csproj", "{10680b86-bef1-fee2-e4e1-c20d752be0ef}"
EndProject
Project("{FAE04EC0-301F-11D3-BF4B-00C04F79EFBC}") = "Unity.VisualScripting.Shared.Editor", "Unity.VisualScripting.Shared.Editor.csproj", "{770b5be4-1b77-7370-3290-9f9e3a4c2f42}"
EndProject
Project("{FAE04EC0-301F-11D3-BF4B-00C04F79EFBC}") = "Unity.Toolchain.Linux-x86_64", "Unity.Toolchain.Linux-x86_64.csproj", "{e6727b88-a6c1-3f56-412f-df78735afba3}"
EndProject
Project("{FAE04EC0-301F-11D3-BF4B-00C04F79EFBC}") = "UnityEngine.UI", "UnityEngine.UI.Player.csproj", "{197f078a-a5b2-2772-d3aa-4e27f2a7b81a}"
EndProject
Project("{FAE04EC0-301F-11D3-BF4B-00C04F79EFBC}") = "Unity.RenderPipelines.Core.Runtime", "Unity.RenderPipelines.Core.Runtime.Player.csproj", "{8f16a5bf-9ab1-6577-3ba9-1959bbb9db43}"
EndProject
Project("{FAE04EC0-301F-11D3-BF4B-00C04F79EFBC}") = "Unity.Services.Core.Telemetry", "Unity.Services.Core.Telemetry.Player.csproj", "{226f7c61-4c0d-6194-2d8f-698ed104a854}"
EndProject
Project("{FAE04EC0-301F-11D3-BF4B-00C04F79EFBC}") = "UnityEngine.TestRunner", "UnityEngine.TestRunner.Player.csproj", "{901bb662-a53c-aed6-be18-2e6057fb90df}"
EndProject
Project("{FAE04EC0-301F-11D3-BF4B-00C04F79EFBC}") = "Unity.VisualScripting.State", "Unity.VisualScripting.State.Player.csproj", "{dca1cf60-04fb-14d9-b63f-ec681d9bb4b3}"
EndProject
Project("{FAE04EC0-301F-11D3-BF4B-00C04F79EFBC}") = "Unity.RenderPipelines.Universal.Runtime", "Unity.RenderPipelines.Universal.Runtime.Player.csproj", "{d452f3c9-8484-7eec-d9df-f99a7ae776f1}"
EndProject
Project("{FAE04EC0-301F-11D3-BF4B-00C04F79EFBC}") = "Unity.Postprocessing.Runtime", "Unity.Postprocessing.Runtime.Player.csproj", "{dfbd79a0-63c8-cd40-cf09-5357b5689dc3}"
EndProject
Project("{FAE04EC0-301F-11D3-BF4B-00C04F79EFBC}") = "Unity.VisualScripting.Flow", "Unity.VisualScripting.Flow.Player.csproj", "{4427bfd8-c06d-c862-1e4d-2c85285cdcec}"
EndProject
Project("{FAE04EC0-301F-11D3-BF4B-00C04F79EFBC}") = "Assembly-CSharp", "Assembly-CSharp.Player.csproj", "{0abddb23-6ce3-1b15-5c17-944e73cceccc}"
EndProject
Project("{FAE04EC0-301F-11D3-BF4B-00C04F79EFBC}") = "Unity.VisualScripting.Core", "Unity.VisualScripting.Core.Player.csproj", "{c034638d-d41d-c7a7-e460-a8885412f2b4}"
EndProject
Project("{FAE04EC0-301F-11D3-BF4B-00C04F79EFBC}") = "Unity.Services.Core.Environments.Internal", "Unity.Services.Core.Environments.Internal.Player.csproj", "{2204bbf2-d1a0-8d09-d956-f08e2f75fa83}"
EndProject
Project("{FAE04EC0-301F-11D3-BF4B-00C04F79EFBC}") = "Unity.TextMeshPro", "Unity.TextMeshPro.Player.csproj", "{ffdb13ff-bd90-3d89-3baf-e71f51c42ea7}"
EndProject
Project("{FAE04EC0-301F-11D3-BF4B-00C04F79EFBC}") = "Unity.Burst", "Unity.Burst.Player.csproj", "{145b9510-1a3b-c819-983d-73a94bd41fc9}"
EndProject
Project("{FAE04EC0-301F-11D3-BF4B-00C04F79EFBC}") = "Unity.RenderPipeline.Universal.ShaderLibrary", "Unity.RenderPipeline.Universal.ShaderLibrary.Player.csproj", "{5093884f-d38f-3065-08fc-a44c74dd8044}"
EndProject
Project("{FAE04EC0-301F-11D3-BF4B-00C04F79EFBC}") = "Unity.Services.Core.Environments", "Unity.Services.Core.Environments.Player.csproj", "{1c20dcd7-9796-fda0-b9fd-258aa6f86b2b}"
EndProject
Project("{FAE04EC0-301F-11D3-BF4B-00C04F79EFBC}") = "Unity.ProBuilder.Poly2Tri", "Unity.ProBuilder.Poly2Tri.Player.csproj", "{e83b0f1d-6ae9-8d69-6c51-3f6c21aae975}"
EndProject
Project("{FAE04EC0-301F-11D3-BF4B-00C04F79EFBC}") = "Unity.Services.Core.Internal", "Unity.Services.Core.Internal.Player.csproj", "{618bbfac-74dc-aaf4-d430-341d0a981d44}"
EndProject
Project("{FAE04EC0-301F-11D3-BF4B-00C04F79EFBC}") = "Unity.ProBuilder", "Unity.ProBuilder.Player.csproj", "{8359945a-3abb-4271-9310-68fa3b3f7c70}"
EndProject
Project("{FAE04EC0-301F-11D3-BF4B-00C04F79EFBC}") = "Unity.Timeline", "Unity.Timeline.Player.csproj", "{757a9cec-3cde-1f01-4f5c-eab3b9b65c60}"
EndProject
Project("{FAE04EC0-301F-11D3-BF4B-00C04F79EFBC}") = "Unity.Mathematics", "Unity.Mathematics.Player.csproj", "{e53aaec0-140f-734a-f66a-5ad6377353e0}"
EndProject
Project("{FAE04EC0-301F-11D3-BF4B-00C04F79EFBC}") = "Unity.ProGrids", "Unity.ProGrids.Player.csproj", "{92997441-0e8f-3682-0a33-2a08fc685b9e}"
EndProject
Project("{FAE04EC0-301F-11D3-BF4B-00C04F79EFBC}") = "Unity.Services.Core.Scheduler", "Unity.Services.Core.Scheduler.Player.csproj", "{2c98ac59-56cb-3e86-1711-696aac0ff662}"
EndProject
Project("{FAE04EC0-301F-11D3-BF4B-00C04F79EFBC}") = "Unity.Services.Core.Device", "Unity.Services.Core.Device.Player.csproj", "{4fa3144a-85b3-71cf-5105-bba49cd2ed91}"
EndProject
Project("{FAE04EC0-301F-11D3-BF4B-00C04F79EFBC}") = "Unity.Services.Core.Analytics", "Unity.Services.Core.Analytics.Player.csproj", "{e6c4daf3-be45-2a1c-c195-72459f75cb59}"
EndProject
Project("{FAE04EC0-301F-11D3-BF4B-00C04F79EFBC}") = "Assembly-CSharp-firstpass", "Assembly-CSharp-firstpass.Player.csproj", "{942b7faa-aca8-683e-63e1-de91d76f8657}"
EndProject
Project("{FAE04EC0-301F-11D3-BF4B-00C04F79EFBC}") = "Unity.ProBuilder.KdTree", "Unity.ProBuilder.KdTree.Player.csproj", "{c3dd713b-4909-de08-e1d6-6b2cc13cf0fd}"
EndProject
Project("{FAE04EC0-301F-11D3-BF4B-00C04F79EFBC}") = "Unity.Services.Core.Configuration", "Unity.Services.Core.Configuration.Player.csproj", "{21a33e02-fa73-2f55-b76c-448c875256d6}"
EndProject
Project("{FAE04EC0-301F-11D3-BF4B-00C04F79EFBC}") = "Unity.Services.Core.Threading", "Unity.Services.Core.Threading.Player.csproj", "{32fa9521-f213-3e5c-ad92-f4c975f91d8c}"
EndProject
Project("{FAE04EC0-301F-11D3-BF4B-00C04F79EFBC}") = "Unity.Services.Core", "Unity.Services.Core.Player.csproj", "{a24a378c-75a9-148e-312b-6a5eae8d6a8e}"
EndProject
Project("{FAE04EC0-301F-11D3-BF4B-00C04F79EFBC}") = "Unity.Services.Core.Networking", "Unity.Services.Core.Networking.Player.csproj", "{377bb365-83cc-008e-c062-683e1d32b91d}"
EndProject
Project("{FAE04EC0-301F-11D3-BF4B-00C04F79EFBC}") = "Unity.Services.Core.Registration", "Unity.Services.Core.Registration.Player.csproj", "{0d6850fc-4579-f9ec-6877-f8043893bf08}"
EndProject
Project("{FAE04EC0-301F-11D3-BF4B-00C04F79EFBC}") = "Unity.ProBuilder.Csg", "Unity.ProBuilder.Csg.Player.csproj", "{0b5bd18b-17c5-133e-bf89-1490c7631c9b}"
EndProject
Project("{FAE04EC0-301F-11D3-BF4B-00C04F79EFBC}") = "Unity.ProBuilder.Stl", "Unity.ProBuilder.Stl.Player.csproj", "{c1221b98-4af7-c996-a42a-ad7c45030708}"
EndProject
Project("{FAE04EC0-301F-11D3-BF4B-00C04F79EFBC}") = "Unity.RenderPipelines.ShaderGraph.ShaderGraphLibrary", "Unity.RenderPipelines.ShaderGraph.ShaderGraphLibrary.Player.csproj", "{9efbb9b3-c4f6-b5c8-8a7f-fc723586df7f}"
EndProject
Project("{FAE04EC0-301F-11D3-BF4B-00C04F79EFBC}") = "Unity.RenderPipelines.Core.ShaderLibrary", "Unity.RenderPipelines.Core.ShaderLibrary.Player.csproj", "{bac2e7bd-217e-3394-a75b-82a60c881b2e}"
EndProject
Project("{FAE04EC0-301F-11D3-BF4B-00C04F79EFBC}") = "Unity.RenderPipelines.Universal.Shaders", "Unity.RenderPipelines.Universal.Shaders.Player.csproj", "{ccb33bfe-d85e-8155-2fb7-88526ad7d040}"
EndProject
Project("{FAE04EC0-301F-11D3-BF4B-00C04F79EFBC}") = "Assembly-CSharp-Editor-firstpass", "Assembly-CSharp-Editor-firstpass.csproj", "{09d02360-6061-18c1-bde9-1d7865741c6a}"
EndProject
Project("{FAE04EC0-301F-11D3-BF4B-00C04F79EFBC}") = "UnityEngine.UI.Tests", "UnityEngine.UI.Tests.csproj", "{5101f6e9-15de-7d05-ac56-95f5695beb8f}"
EndProject
Project("{FAE04EC0-301F-11D3-BF4B-00C04F79EFBC}") = "Unity.Burst.Tests.UnitTests", "Unity.Burst.Tests.UnitTests.csproj", "{7399f6a4-7820-c8be-8b13-8619891b5281}"
EndProject
Project("{FAE04EC0-301F-11D3-BF4B-00C04F79EFBC}") = "UnityEditor.UI.EditorTests", "UnityEditor.UI.EditorTests.csproj", "{a680ec07-4d89-2f61-b8ab-91623405e9b1}"
EndProject
Project("{FAE04EC0-301F-11D3-BF4B-00C04F79EFBC}") = "Unity.ProGrids.Editor.Tests", "Unity.ProGrids.Editor.Tests.csproj", "{c0b70311-0505-7f00-43f8-e7d426b2a3b3}"
EndProject
Project("{FAE04EC0-301F-11D3-BF4B-00C04F79EFBC}") = "Unity.Mathematics.Tests", "Unity.Mathematics.Tests.csproj", "{832d9c56-7b63-1476-6bfc-cc74952ca3f2}"
EndProject
Project("{FAE04EC0-301F-11D3-BF4B-00C04F79EFBC}") = "Unity.TextMeshPro.Tests", "Unity.TextMeshPro.Tests.csproj", "{e5a91954-1a34-88a4-5820-e225faaa5551}"
EndProject
Project("{FAE04EC0-301F-11D3-BF4B-00C04F79EFBC}") = "Unity.RenderPipelines.Core.Runtime.Tests", "Unity.RenderPipelines.Core.Runtime.Tests.csproj", "{60fac99a-f557-664d-ea70-a9a64320c7d1}"
EndProject
Project("{FAE04EC0-301F-11D3-BF4B-00C04F79EFBC}") = "Unity.2D.Sprite.Package.EditorTests", "Unity.2D.Sprite.Package.EditorTests.csproj", "{b106f0a4-3b5a-9d9f-3435-e114f89e92bc}"
EndProject
Project("{FAE04EC0-301F-11D3-BF4B-00C04F79EFBC}") = "Unity.2D.Tilemap.Package.EditorTests", "Unity.2D.Tilemap.Package.EditorTests.csproj", "{6cc72e79-f878-19e6-ac07-be1dae10ffd1}"
EndProject
Project("{FAE04EC0-301F-11D3-BF4B-00C04F79EFBC}") = "Unity.ProGrids.RuntimeTests", "Unity.ProGrids.RuntimeTests.csproj", "{c3b4542f-f5f2-ad46-b0d5-ed6bbf0cedcf}"
EndProject
Project("{FAE04EC0-301F-11D3-BF4B-00C04F79EFBC}") = "Unity.Burst.Editor.Tests", "Unity.Burst.Editor.Tests.csproj", "{ecad27f6-6286-0880-648d-0855320ac8a1}"
EndProject
Project("{FAE04EC0-301F-11D3-BF4B-00C04F79EFBC}") = "Unity.Toolchain.Linux-x86_64.EditorTests", "Unity.Toolchain.Linux-x86_64.EditorTests.csproj", "{1e0b05a6-48b3-6b3e-a79d-bbfeacd93e8b}"
EndProject
Project("{FAE04EC0-301F-11D3-BF4B-00C04F79EFBC}") = "Unity.Searcher.EditorTests", "Unity.Searcher.EditorTests.csproj", "{b6fb8d37-fb21-4d5e-03b9-6589fe9d0323}"
EndProject
Project("{FAE04EC0-301F-11D3-BF4B-00C04F79EFBC}") = "Unity.RenderPipelines.Core.Editor.Tests", "Unity.RenderPipelines.Core.Editor.Tests.csproj", "{f4281855-19fa-89fc-af17-6eafc1966a0e}"
EndProject
Project("{FAE04EC0-301F-11D3-BF4B-00C04F79EFBC}") = "Unity.RenderPipelines.Universal.Runtime.Tests", "Unity.RenderPipelines.Universal.Runtime.Tests.csproj", "{143a3c7d-1c83-17e1-beab-36b437e30c98}"
EndProject
Project("{FAE04EC0-301F-11D3-BF4B-00C04F79EFBC}") = "Unity.Postprocessing.Editor.Tests", "Unity.Postprocessing.Editor.Tests.csproj", "{aea25d01-3966-397b-57e5-488fbe8b0436}"
EndProject
Project("{FAE04EC0-301F-11D3-BF4B-00C04F79EFBC}") = "DocCodeExamples", "DocCodeExamples.csproj", "{6fedb732-2ab7-90e0-b13e-154fd31db7ff}"
EndProject
Project("{FAE04EC0-301F-11D3-BF4B-00C04F79EFBC}") = "Unity.RenderPipelines.Universal.Editor.Tests", "Unity.RenderPipelines.Universal.Editor.Tests.csproj", "{10300acc-8c2f-aaf4-3d5f-1da798035ab2}"
EndProject
Project("{FAE04EC0-301F-11D3-BF4B-00C04F79EFBC}") = "Unity.ShaderGraph.Editor.Tests", "Unity.ShaderGraph.Editor.Tests.csproj", "{c362f9bf-0624-0147-a741-369c2cfa20f2}"
EndProject
Project("{FAE04EC0-301F-11D3-BF4B-00C04F79EFBC}") = "Unity.Sysroot.Linux_x86_64.EditorTests", "Unity.Sysroot.Linux_x86_64.EditorTests.csproj", "{17bb7678-8bba-9ee3-f4ba-9c575c63c397}"
EndProject
Project("{FAE04EC0-301F-11D3-BF4B-00C04F79EFBC}") = "Unity.Postprocessing.Runtime.Tests", "Unity.Postprocessing.Runtime.Tests.csproj", "{c9cce8bd-4c03-8454-bd73-6b4482072e9d}"
EndProject
Project("{FAE04EC0-301F-11D3-BF4B-00C04F79EFBC}") = "Unity.TestTools.CodeCoverage.Editor.Compatibility", "Unity.TestTools.CodeCoverage.Editor.Compatibility.csproj", "{badf6d0f-19ce-83bd-a3f1-c5139b0dc49b}"
EndProject
Project("{FAE04EC0-301F-11D3-BF4B-00C04F79EFBC}") = "Unity.TextMeshPro.Editor.Tests", "Unity.TextMeshPro.Editor.Tests.csproj", "{141e7a84-709c-be72-57f0-c4ddf6ecb055}"
EndProject
Project("{FAE04EC0-301F-11D3-BF4B-00C04F79EFBC}") = "Unity.Settings.Tests", "Unity.Settings.Tests.csproj", "{90062cf2-6dc1-273d-ed10-f9ff0daa51db}"
EndProject
Project("{FAE04EC0-301F-11D3-BF4B-00C04F79EFBC}") = "Unity.Performance.Profile-Analyzer.EditorTests", "Unity.Performance.Profile-Analyzer.EditorTests.csproj", "{2b398d51-e72c-7866-3377-8d0ccc5c8087}"
EndProject
Project("{FAE04EC0-301F-11D3-BF4B-00C04F79EFBC}") = "SeparateAssembly", "SeparateAssembly.csproj", "{b2b8c014-5c03-4537-65eb-77a18ccb2de9}"
EndProject
Project("{FAE04EC0-301F-11D3-BF4B-00C04F79EFBC}") = "Unity.Sysroot.EditorTests", "Unity.Sysroot.EditorTests.csproj", "{1ff6b9fc-f882-53a2-d04a-b385e3a00c03}"
EndProject
Global
	GlobalSection(SolutionConfigurationPlatforms) = preSolution
		Debug|Any CPU = Debug|Any CPU
	EndGlobalSection
	GlobalSection(ProjectConfigurationPlatforms) = postSolution
		{fb481a14-9e81-4ae0-6a4e-a22816635a4e}.Debug|Any CPU.ActiveCfg = Debug|Any CPU
		{fb481a14-9e81-4ae0-6a4e-a22816635a4e}.Debug|Any CPU.Build.0 = Debug|Any CPU
		{ab31c0a2-faa7-925b-a0e5-7ddbffea9a52}.Debug|Any CPU.ActiveCfg = Debug|Any CPU
		{ab31c0a2-faa7-925b-a0e5-7ddbffea9a52}.Debug|Any CPU.Build.0 = Debug|Any CPU
		{28e5a1e1-67a9-1217-92ae-0e6ed9d147ae}.Debug|Any CPU.ActiveCfg = Debug|Any CPU
		{28e5a1e1-67a9-1217-92ae-0e6ed9d147ae}.Debug|Any CPU.Build.0 = Debug|Any CPU
		{b5ed4d6c-c64e-c83d-f00d-8221f291c730}.Debug|Any CPU.ActiveCfg = Debug|Any CPU
		{b5ed4d6c-c64e-c83d-f00d-8221f291c730}.Debug|Any CPU.Build.0 = Debug|Any CPU
		{3a5066a2-21d5-beab-bdac-3cdec2607358}.Debug|Any CPU.ActiveCfg = Debug|Any CPU
		{3a5066a2-21d5-beab-bdac-3cdec2607358}.Debug|Any CPU.Build.0 = Debug|Any CPU
		{91f6b02e-5bb0-3e79-1232-85610f4f5153}.Debug|Any CPU.ActiveCfg = Debug|Any CPU
		{91f6b02e-5bb0-3e79-1232-85610f4f5153}.Debug|Any CPU.Build.0 = Debug|Any CPU
		{6bb03ee9-4004-e6df-9a58-48dcc8734dfa}.Debug|Any CPU.ActiveCfg = Debug|Any CPU
		{6bb03ee9-4004-e6df-9a58-48dcc8734dfa}.Debug|Any CPU.Build.0 = Debug|Any CPU
		{71fe04f8-a00c-e4ce-16be-1c7777cb9ef5}.Debug|Any CPU.ActiveCfg = Debug|Any CPU
		{71fe04f8-a00c-e4ce-16be-1c7777cb9ef5}.Debug|Any CPU.Build.0 = Debug|Any CPU
		{9c127d36-625a-758a-5eeb-4a29ec4ceaf4}.Debug|Any CPU.ActiveCfg = Debug|Any CPU
		{9c127d36-625a-758a-5eeb-4a29ec4ceaf4}.Debug|Any CPU.Build.0 = Debug|Any CPU
		{d9e9b573-1d44-fd21-2545-f1d755920b87}.Debug|Any CPU.ActiveCfg = Debug|Any CPU
		{d9e9b573-1d44-fd21-2545-f1d755920b87}.Debug|Any CPU.Build.0 = Debug|Any CPU
		{09d3cd14-93fb-97c4-9e8a-4bbad37a0b93}.Debug|Any CPU.ActiveCfg = Debug|Any CPU
		{09d3cd14-93fb-97c4-9e8a-4bbad37a0b93}.Debug|Any CPU.Build.0 = Debug|Any CPU
		{510bdfa8-f6ba-9128-e128-bbf39536aa00}.Debug|Any CPU.ActiveCfg = Debug|Any CPU
		{510bdfa8-f6ba-9128-e128-bbf39536aa00}.Debug|Any CPU.Build.0 = Debug|Any CPU
		{d7a7a9b6-8329-488d-91b1-dab7858bfe30}.Debug|Any CPU.ActiveCfg = Debug|Any CPU
		{d7a7a9b6-8329-488d-91b1-dab7858bfe30}.Debug|Any CPU.Build.0 = Debug|Any CPU
		{42c9eec7-bd08-49dd-5110-41e960b8ca2c}.Debug|Any CPU.ActiveCfg = Debug|Any CPU
		{42c9eec7-bd08-49dd-5110-41e960b8ca2c}.Debug|Any CPU.Build.0 = Debug|Any CPU
		{797cba68-e65b-2b41-6886-b8e29d104ce7}.Debug|Any CPU.ActiveCfg = Debug|Any CPU
		{797cba68-e65b-2b41-6886-b8e29d104ce7}.Debug|Any CPU.Build.0 = Debug|Any CPU
		{783f788b-d26c-0387-399d-adfe3cbf7425}.Debug|Any CPU.ActiveCfg = Debug|Any CPU
		{783f788b-d26c-0387-399d-adfe3cbf7425}.Debug|Any CPU.Build.0 = Debug|Any CPU
		{1b6af674-f7bf-0e28-91a6-823b4dc509d5}.Debug|Any CPU.ActiveCfg = Debug|Any CPU
		{1b6af674-f7bf-0e28-91a6-823b4dc509d5}.Debug|Any CPU.Build.0 = Debug|Any CPU
		{6dd73239-c0f0-f1ba-9201-878dfc115664}.Debug|Any CPU.ActiveCfg = Debug|Any CPU
		{6dd73239-c0f0-f1ba-9201-878dfc115664}.Debug|Any CPU.Build.0 = Debug|Any CPU
		{42588721-7461-7457-6709-cb7743d1e10e}.Debug|Any CPU.ActiveCfg = Debug|Any CPU
		{42588721-7461-7457-6709-cb7743d1e10e}.Debug|Any CPU.Build.0 = Debug|Any CPU
		{cc4bfcd3-a454-aac7-9208-7a9960d55703}.Debug|Any CPU.ActiveCfg = Debug|Any CPU
		{cc4bfcd3-a454-aac7-9208-7a9960d55703}.Debug|Any CPU.Build.0 = Debug|Any CPU
		{23e87c11-fd6c-4bdc-8b79-cdaabef36587}.Debug|Any CPU.ActiveCfg = Debug|Any CPU
		{23e87c11-fd6c-4bdc-8b79-cdaabef36587}.Debug|Any CPU.Build.0 = Debug|Any CPU
		{96e652ce-5d6f-4734-bd1c-70186c27733e}.Debug|Any CPU.ActiveCfg = Debug|Any CPU
		{96e652ce-5d6f-4734-bd1c-70186c27733e}.Debug|Any CPU.Build.0 = Debug|Any CPU
		{5cb77e4f-7b9b-72ba-c6dc-1d588874695d}.Debug|Any CPU.ActiveCfg = Debug|Any CPU
		{5cb77e4f-7b9b-72ba-c6dc-1d588874695d}.Debug|Any CPU.Build.0 = Debug|Any CPU
		{124cd71e-3d44-0fb9-182d-0d80545351b6}.Debug|Any CPU.ActiveCfg = Debug|Any CPU
		{124cd71e-3d44-0fb9-182d-0d80545351b6}.Debug|Any CPU.Build.0 = Debug|Any CPU
		{cbf058f9-e596-88d8-7a0a-b23800c826cc}.Debug|Any CPU.ActiveCfg = Debug|Any CPU
		{cbf058f9-e596-88d8-7a0a-b23800c826cc}.Debug|Any CPU.Build.0 = Debug|Any CPU
		{9172598b-c338-2cf0-7d8a-91bf94253f1b}.Debug|Any CPU.ActiveCfg = Debug|Any CPU
		{9172598b-c338-2cf0-7d8a-91bf94253f1b}.Debug|Any CPU.Build.0 = Debug|Any CPU
		{503ae999-af45-4585-088a-536223d32df8}.Debug|Any CPU.ActiveCfg = Debug|Any CPU
		{503ae999-af45-4585-088a-536223d32df8}.Debug|Any CPU.Build.0 = Debug|Any CPU
		{7317b331-0ded-7f77-43d3-1a572e8694b8}.Debug|Any CPU.ActiveCfg = Debug|Any CPU
		{7317b331-0ded-7f77-43d3-1a572e8694b8}.Debug|Any CPU.Build.0 = Debug|Any CPU
		{ac40813f-9120-f63c-69da-d32fa38f7016}.Debug|Any CPU.ActiveCfg = Debug|Any CPU
		{ac40813f-9120-f63c-69da-d32fa38f7016}.Debug|Any CPU.Build.0 = Debug|Any CPU
		{e43cdb21-615a-7291-f670-e39ef56af619}.Debug|Any CPU.ActiveCfg = Debug|Any CPU
		{e43cdb21-615a-7291-f670-e39ef56af619}.Debug|Any CPU.Build.0 = Debug|Any CPU
		{d1bea3d7-a923-e84f-c5a4-943523644c96}.Debug|Any CPU.ActiveCfg = Debug|Any CPU
		{d1bea3d7-a923-e84f-c5a4-943523644c96}.Debug|Any CPU.Build.0 = Debug|Any CPU
		{110ca3d3-a3fe-ccc7-a8b9-01349fcf08ac}.Debug|Any CPU.ActiveCfg = Debug|Any CPU
		{110ca3d3-a3fe-ccc7-a8b9-01349fcf08ac}.Debug|Any CPU.Build.0 = Debug|Any CPU
		{44e403d9-d374-07fd-27ff-add5f8661e8d}.Debug|Any CPU.ActiveCfg = Debug|Any CPU
		{44e403d9-d374-07fd-27ff-add5f8661e8d}.Debug|Any CPU.Build.0 = Debug|Any CPU
		{97251288-7713-58f9-d2d6-d886651a3daf}.Debug|Any CPU.ActiveCfg = Debug|Any CPU
		{97251288-7713-58f9-d2d6-d886651a3daf}.Debug|Any CPU.Build.0 = Debug|Any CPU
		{d03607a7-47bc-163b-906e-3f373edf8578}.Debug|Any CPU.ActiveCfg = Debug|Any CPU
		{d03607a7-47bc-163b-906e-3f373edf8578}.Debug|Any CPU.Build.0 = Debug|Any CPU
		{89ebfa99-8eb1-6877-cbeb-90276ebb5205}.Debug|Any CPU.ActiveCfg = Debug|Any CPU
		{89ebfa99-8eb1-6877-cbeb-90276ebb5205}.Debug|Any CPU.Build.0 = Debug|Any CPU
		{ce79d744-9b69-3a52-cbdf-f79e7dfc305f}.Debug|Any CPU.ActiveCfg = Debug|Any CPU
		{ce79d744-9b69-3a52-cbdf-f79e7dfc305f}.Debug|Any CPU.Build.0 = Debug|Any CPU
		{1f6d5cb3-3a6e-9986-733c-e5c7743eb2c7}.Debug|Any CPU.ActiveCfg = Debug|Any CPU
		{1f6d5cb3-3a6e-9986-733c-e5c7743eb2c7}.Debug|Any CPU.Build.0 = Debug|Any CPU
		{2382b172-77eb-2693-fba6-909dc498e44e}.Debug|Any CPU.ActiveCfg = Debug|Any CPU
		{2382b172-77eb-2693-fba6-909dc498e44e}.Debug|Any CPU.Build.0 = Debug|Any CPU
		{3a49bb08-1ddd-a452-34ea-79848bf7191f}.Debug|Any CPU.ActiveCfg = Debug|Any CPU
		{3a49bb08-1ddd-a452-34ea-79848bf7191f}.Debug|Any CPU.Build.0 = Debug|Any CPU
		{57a41787-0a90-79bc-e330-4d7da3e89429}.Debug|Any CPU.ActiveCfg = Debug|Any CPU
		{57a41787-0a90-79bc-e330-4d7da3e89429}.Debug|Any CPU.Build.0 = Debug|Any CPU
		{021f6c6b-01d3-706a-4105-d67811133fc0}.Debug|Any CPU.ActiveCfg = Debug|Any CPU
		{021f6c6b-01d3-706a-4105-d67811133fc0}.Debug|Any CPU.Build.0 = Debug|Any CPU
		{8ff4003a-8b70-ffd2-abd6-08fabffdf9c8}.Debug|Any CPU.ActiveCfg = Debug|Any CPU
		{8ff4003a-8b70-ffd2-abd6-08fabffdf9c8}.Debug|Any CPU.Build.0 = Debug|Any CPU
		{21f175e8-e3fd-3990-33e5-36a9b968202c}.Debug|Any CPU.ActiveCfg = Debug|Any CPU
		{21f175e8-e3fd-3990-33e5-36a9b968202c}.Debug|Any CPU.Build.0 = Debug|Any CPU
		{d0475a2a-772d-1b62-b355-87af02427c61}.Debug|Any CPU.ActiveCfg = Debug|Any CPU
		{d0475a2a-772d-1b62-b355-87af02427c61}.Debug|Any CPU.Build.0 = Debug|Any CPU
		{c7f94480-89c3-f5a0-5bf3-d1cc70922e9a}.Debug|Any CPU.ActiveCfg = Debug|Any CPU
		{c7f94480-89c3-f5a0-5bf3-d1cc70922e9a}.Debug|Any CPU.Build.0 = Debug|Any CPU
		{33973077-f69a-7d4e-08f7-51fb93dcb6ab}.Debug|Any CPU.ActiveCfg = Debug|Any CPU
		{33973077-f69a-7d4e-08f7-51fb93dcb6ab}.Debug|Any CPU.Build.0 = Debug|Any CPU
		{a765c980-d9d9-be72-5a1e-a85e15efa409}.Debug|Any CPU.ActiveCfg = Debug|Any CPU
		{a765c980-d9d9-be72-5a1e-a85e15efa409}.Debug|Any CPU.Build.0 = Debug|Any CPU
		{a5a16e2f-ac0d-d64d-b09e-b96f981a0fe4}.Debug|Any CPU.ActiveCfg = Debug|Any CPU
		{a5a16e2f-ac0d-d64d-b09e-b96f981a0fe4}.Debug|Any CPU.Build.0 = Debug|Any CPU
		{221cc6ac-f89f-516a-f79f-780bac6da792}.Debug|Any CPU.ActiveCfg = Debug|Any CPU
		{221cc6ac-f89f-516a-f79f-780bac6da792}.Debug|Any CPU.Build.0 = Debug|Any CPU
		{a6ce04a7-b2ff-3ced-fd62-55ea1e166e42}.Debug|Any CPU.ActiveCfg = Debug|Any CPU
		{a6ce04a7-b2ff-3ced-fd62-55ea1e166e42}.Debug|Any CPU.Build.0 = Debug|Any CPU
		{fa31dc3f-9fa3-1c6b-9e10-f0c8702867c2}.Debug|Any CPU.ActiveCfg = Debug|Any CPU
		{fa31dc3f-9fa3-1c6b-9e10-f0c8702867c2}.Debug|Any CPU.Build.0 = Debug|Any CPU
		{e2d17e0f-4f18-42b4-3451-2634dd73e621}.Debug|Any CPU.ActiveCfg = Debug|Any CPU
		{e2d17e0f-4f18-42b4-3451-2634dd73e621}.Debug|Any CPU.Build.0 = Debug|Any CPU
		{94a3c5cc-c07c-4039-dbe5-8dec5be0d6b4}.Debug|Any CPU.ActiveCfg = Debug|Any CPU
		{94a3c5cc-c07c-4039-dbe5-8dec5be0d6b4}.Debug|Any CPU.Build.0 = Debug|Any CPU
		{c26e9f09-8c35-203f-1a49-ae0e1cb6ac32}.Debug|Any CPU.ActiveCfg = Debug|Any CPU
		{c26e9f09-8c35-203f-1a49-ae0e1cb6ac32}.Debug|Any CPU.Build.0 = Debug|Any CPU
		{140a0c37-12fb-6aa5-0578-d2985703c65c}.Debug|Any CPU.ActiveCfg = Debug|Any CPU
		{140a0c37-12fb-6aa5-0578-d2985703c65c}.Debug|Any CPU.Build.0 = Debug|Any CPU
		{33c54015-e8a0-4c08-6435-29bdd42fb469}.Debug|Any CPU.ActiveCfg = Debug|Any CPU
		{33c54015-e8a0-4c08-6435-29bdd42fb469}.Debug|Any CPU.Build.0 = Debug|Any CPU
		{61397263-b0e3-b206-1c61-d7762c7e3f76}.Debug|Any CPU.ActiveCfg = Debug|Any CPU
		{61397263-b0e3-b206-1c61-d7762c7e3f76}.Debug|Any CPU.Build.0 = Debug|Any CPU
		{24c0d186-f6fb-d6cf-4903-b6e4e83d23a0}.Debug|Any CPU.ActiveCfg = Debug|Any CPU
		{24c0d186-f6fb-d6cf-4903-b6e4e83d23a0}.Debug|Any CPU.Build.0 = Debug|Any CPU
		{59d9e17f-98a6-df59-b3c2-0c2b2121d200}.Debug|Any CPU.ActiveCfg = Debug|Any CPU
		{59d9e17f-98a6-df59-b3c2-0c2b2121d200}.Debug|Any CPU.Build.0 = Debug|Any CPU
		{016a729c-30fc-ec49-1d5e-46707e4e109b}.Debug|Any CPU.ActiveCfg = Debug|Any CPU
		{016a729c-30fc-ec49-1d5e-46707e4e109b}.Debug|Any CPU.Build.0 = Debug|Any CPU
		{fb23dd74-2314-5989-3ac7-f1abae8f738a}.Debug|Any CPU.ActiveCfg = Debug|Any CPU
		{fb23dd74-2314-5989-3ac7-f1abae8f738a}.Debug|Any CPU.Build.0 = Debug|Any CPU
		{46aa26f8-7f8b-8766-ff6a-e59e00f2032b}.Debug|Any CPU.ActiveCfg = Debug|Any CPU
		{46aa26f8-7f8b-8766-ff6a-e59e00f2032b}.Debug|Any CPU.Build.0 = Debug|Any CPU
		{81a6b756-66a8-34b1-8a98-723f69c9525c}.Debug|Any CPU.ActiveCfg = Debug|Any CPU
		{81a6b756-66a8-34b1-8a98-723f69c9525c}.Debug|Any CPU.Build.0 = Debug|Any CPU
		{89449ee5-044c-e6c1-bca6-725f775b0b51}.Debug|Any CPU.ActiveCfg = Debug|Any CPU
		{89449ee5-044c-e6c1-bca6-725f775b0b51}.Debug|Any CPU.Build.0 = Debug|Any CPU
		{76b548ec-616e-f76d-7644-b03e1f77ea4c}.Debug|Any CPU.ActiveCfg = Debug|Any CPU
		{76b548ec-616e-f76d-7644-b03e1f77ea4c}.Debug|Any CPU.Build.0 = Debug|Any CPU
		{82199ec2-f02b-3dfe-a9f5-2cc1ed99c472}.Debug|Any CPU.ActiveCfg = Debug|Any CPU
		{82199ec2-f02b-3dfe-a9f5-2cc1ed99c472}.Debug|Any CPU.Build.0 = Debug|Any CPU
		{8f2232b7-de37-dfa9-2bf1-7305dd76bb0c}.Debug|Any CPU.ActiveCfg = Debug|Any CPU
		{8f2232b7-de37-dfa9-2bf1-7305dd76bb0c}.Debug|Any CPU.Build.0 = Debug|Any CPU
		{dd4a745e-0599-e1e2-7ccb-03379fd04b1d}.Debug|Any CPU.ActiveCfg = Debug|Any CPU
		{dd4a745e-0599-e1e2-7ccb-03379fd04b1d}.Debug|Any CPU.Build.0 = Debug|Any CPU
		{43e95c85-5d21-79fc-8fd7-0bb55f02757e}.Debug|Any CPU.ActiveCfg = Debug|Any CPU
		{43e95c85-5d21-79fc-8fd7-0bb55f02757e}.Debug|Any CPU.Build.0 = Debug|Any CPU
		{c7bb3235-c4c2-a45c-f0c7-0bc382faf35d}.Debug|Any CPU.ActiveCfg = Debug|Any CPU
		{c7bb3235-c4c2-a45c-f0c7-0bc382faf35d}.Debug|Any CPU.Build.0 = Debug|Any CPU
		{7f0f78b9-6174-ae63-a82c-e05a76042b1f}.Debug|Any CPU.ActiveCfg = Debug|Any CPU
		{7f0f78b9-6174-ae63-a82c-e05a76042b1f}.Debug|Any CPU.Build.0 = Debug|Any CPU
		{405eef8f-58ec-e6e9-637d-40a1f4e93b42}.Debug|Any CPU.ActiveCfg = Debug|Any CPU
		{405eef8f-58ec-e6e9-637d-40a1f4e93b42}.Debug|Any CPU.Build.0 = Debug|Any CPU
		{9a857628-0e56-ca1c-e6b3-860a2b5afa8a}.Debug|Any CPU.ActiveCfg = Debug|Any CPU
		{9a857628-0e56-ca1c-e6b3-860a2b5afa8a}.Debug|Any CPU.Build.0 = Debug|Any CPU
		{e13276b6-a244-088f-79cd-f97fa0ae7dd2}.Debug|Any CPU.ActiveCfg = Debug|Any CPU
		{e13276b6-a244-088f-79cd-f97fa0ae7dd2}.Debug|Any CPU.Build.0 = Debug|Any CPU
		{91cf92ed-f54a-0df5-a514-99f4ca5c2e70}.Debug|Any CPU.ActiveCfg = Debug|Any CPU
		{91cf92ed-f54a-0df5-a514-99f4ca5c2e70}.Debug|Any CPU.Build.0 = Debug|Any CPU
		{10680b86-bef1-fee2-e4e1-c20d752be0ef}.Debug|Any CPU.ActiveCfg = Debug|Any CPU
		{10680b86-bef1-fee2-e4e1-c20d752be0ef}.Debug|Any CPU.Build.0 = Debug|Any CPU
		{770b5be4-1b77-7370-3290-9f9e3a4c2f42}.Debug|Any CPU.ActiveCfg = Debug|Any CPU
		{770b5be4-1b77-7370-3290-9f9e3a4c2f42}.Debug|Any CPU.Build.0 = Debug|Any CPU
		{e6727b88-a6c1-3f56-412f-df78735afba3}.Debug|Any CPU.ActiveCfg = Debug|Any CPU
		{e6727b88-a6c1-3f56-412f-df78735afba3}.Debug|Any CPU.Build.0 = Debug|Any CPU
		{197f078a-a5b2-2772-d3aa-4e27f2a7b81a}.Debug|Any CPU.ActiveCfg = Debug|Any CPU
		{197f078a-a5b2-2772-d3aa-4e27f2a7b81a}.Debug|Any CPU.Build.0 = Debug|Any CPU
		{8f16a5bf-9ab1-6577-3ba9-1959bbb9db43}.Debug|Any CPU.ActiveCfg = Debug|Any CPU
		{8f16a5bf-9ab1-6577-3ba9-1959bbb9db43}.Debug|Any CPU.Build.0 = Debug|Any CPU
		{226f7c61-4c0d-6194-2d8f-698ed104a854}.Debug|Any CPU.ActiveCfg = Debug|Any CPU
		{226f7c61-4c0d-6194-2d8f-698ed104a854}.Debug|Any CPU.Build.0 = Debug|Any CPU
		{901bb662-a53c-aed6-be18-2e6057fb90df}.Debug|Any CPU.ActiveCfg = Debug|Any CPU
		{901bb662-a53c-aed6-be18-2e6057fb90df}.Debug|Any CPU.Build.0 = Debug|Any CPU
		{dca1cf60-04fb-14d9-b63f-ec681d9bb4b3}.Debug|Any CPU.ActiveCfg = Debug|Any CPU
		{dca1cf60-04fb-14d9-b63f-ec681d9bb4b3}.Debug|Any CPU.Build.0 = Debug|Any CPU
		{d452f3c9-8484-7eec-d9df-f99a7ae776f1}.Debug|Any CPU.ActiveCfg = Debug|Any CPU
		{d452f3c9-8484-7eec-d9df-f99a7ae776f1}.Debug|Any CPU.Build.0 = Debug|Any CPU
		{dfbd79a0-63c8-cd40-cf09-5357b5689dc3}.Debug|Any CPU.ActiveCfg = Debug|Any CPU
		{dfbd79a0-63c8-cd40-cf09-5357b5689dc3}.Debug|Any CPU.Build.0 = Debug|Any CPU
		{4427bfd8-c06d-c862-1e4d-2c85285cdcec}.Debug|Any CPU.ActiveCfg = Debug|Any CPU
		{4427bfd8-c06d-c862-1e4d-2c85285cdcec}.Debug|Any CPU.Build.0 = Debug|Any CPU
		{0abddb23-6ce3-1b15-5c17-944e73cceccc}.Debug|Any CPU.ActiveCfg = Debug|Any CPU
		{0abddb23-6ce3-1b15-5c17-944e73cceccc}.Debug|Any CPU.Build.0 = Debug|Any CPU
		{c034638d-d41d-c7a7-e460-a8885412f2b4}.Debug|Any CPU.ActiveCfg = Debug|Any CPU
		{c034638d-d41d-c7a7-e460-a8885412f2b4}.Debug|Any CPU.Build.0 = Debug|Any CPU
		{2204bbf2-d1a0-8d09-d956-f08e2f75fa83}.Debug|Any CPU.ActiveCfg = Debug|Any CPU
		{2204bbf2-d1a0-8d09-d956-f08e2f75fa83}.Debug|Any CPU.Build.0 = Debug|Any CPU
		{ffdb13ff-bd90-3d89-3baf-e71f51c42ea7}.Debug|Any CPU.ActiveCfg = Debug|Any CPU
		{ffdb13ff-bd90-3d89-3baf-e71f51c42ea7}.Debug|Any CPU.Build.0 = Debug|Any CPU
		{145b9510-1a3b-c819-983d-73a94bd41fc9}.Debug|Any CPU.ActiveCfg = Debug|Any CPU
		{145b9510-1a3b-c819-983d-73a94bd41fc9}.Debug|Any CPU.Build.0 = Debug|Any CPU
		{5093884f-d38f-3065-08fc-a44c74dd8044}.Debug|Any CPU.ActiveCfg = Debug|Any CPU
		{5093884f-d38f-3065-08fc-a44c74dd8044}.Debug|Any CPU.Build.0 = Debug|Any CPU
		{1c20dcd7-9796-fda0-b9fd-258aa6f86b2b}.Debug|Any CPU.ActiveCfg = Debug|Any CPU
		{1c20dcd7-9796-fda0-b9fd-258aa6f86b2b}.Debug|Any CPU.Build.0 = Debug|Any CPU
		{e83b0f1d-6ae9-8d69-6c51-3f6c21aae975}.Debug|Any CPU.ActiveCfg = Debug|Any CPU
		{e83b0f1d-6ae9-8d69-6c51-3f6c21aae975}.Debug|Any CPU.Build.0 = Debug|Any CPU
		{618bbfac-74dc-aaf4-d430-341d0a981d44}.Debug|Any CPU.ActiveCfg = Debug|Any CPU
		{618bbfac-74dc-aaf4-d430-341d0a981d44}.Debug|Any CPU.Build.0 = Debug|Any CPU
		{8359945a-3abb-4271-9310-68fa3b3f7c70}.Debug|Any CPU.ActiveCfg = Debug|Any CPU
		{8359945a-3abb-4271-9310-68fa3b3f7c70}.Debug|Any CPU.Build.0 = Debug|Any CPU
		{757a9cec-3cde-1f01-4f5c-eab3b9b65c60}.Debug|Any CPU.ActiveCfg = Debug|Any CPU
		{757a9cec-3cde-1f01-4f5c-eab3b9b65c60}.Debug|Any CPU.Build.0 = Debug|Any CPU
		{e53aaec0-140f-734a-f66a-5ad6377353e0}.Debug|Any CPU.ActiveCfg = Debug|Any CPU
		{e53aaec0-140f-734a-f66a-5ad6377353e0}.Debug|Any CPU.Build.0 = Debug|Any CPU
		{92997441-0e8f-3682-0a33-2a08fc685b9e}.Debug|Any CPU.ActiveCfg = Debug|Any CPU
		{92997441-0e8f-3682-0a33-2a08fc685b9e}.Debug|Any CPU.Build.0 = Debug|Any CPU
		{2c98ac59-56cb-3e86-1711-696aac0ff662}.Debug|Any CPU.ActiveCfg = Debug|Any CPU
		{2c98ac59-56cb-3e86-1711-696aac0ff662}.Debug|Any CPU.Build.0 = Debug|Any CPU
		{4fa3144a-85b3-71cf-5105-bba49cd2ed91}.Debug|Any CPU.ActiveCfg = Debug|Any CPU
		{4fa3144a-85b3-71cf-5105-bba49cd2ed91}.Debug|Any CPU.Build.0 = Debug|Any CPU
		{e6c4daf3-be45-2a1c-c195-72459f75cb59}.Debug|Any CPU.ActiveCfg = Debug|Any CPU
		{e6c4daf3-be45-2a1c-c195-72459f75cb59}.Debug|Any CPU.Build.0 = Debug|Any CPU
		{942b7faa-aca8-683e-63e1-de91d76f8657}.Debug|Any CPU.ActiveCfg = Debug|Any CPU
		{942b7faa-aca8-683e-63e1-de91d76f8657}.Debug|Any CPU.Build.0 = Debug|Any CPU
		{c3dd713b-4909-de08-e1d6-6b2cc13cf0fd}.Debug|Any CPU.ActiveCfg = Debug|Any CPU
		{c3dd713b-4909-de08-e1d6-6b2cc13cf0fd}.Debug|Any CPU.Build.0 = Debug|Any CPU
		{21a33e02-fa73-2f55-b76c-448c875256d6}.Debug|Any CPU.ActiveCfg = Debug|Any CPU
		{21a33e02-fa73-2f55-b76c-448c875256d6}.Debug|Any CPU.Build.0 = Debug|Any CPU
		{32fa9521-f213-3e5c-ad92-f4c975f91d8c}.Debug|Any CPU.ActiveCfg = Debug|Any CPU
		{32fa9521-f213-3e5c-ad92-f4c975f91d8c}.Debug|Any CPU.Build.0 = Debug|Any CPU
		{a24a378c-75a9-148e-312b-6a5eae8d6a8e}.Debug|Any CPU.ActiveCfg = Debug|Any CPU
		{a24a378c-75a9-148e-312b-6a5eae8d6a8e}.Debug|Any CPU.Build.0 = Debug|Any CPU
		{377bb365-83cc-008e-c062-683e1d32b91d}.Debug|Any CPU.ActiveCfg = Debug|Any CPU
		{377bb365-83cc-008e-c062-683e1d32b91d}.Debug|Any CPU.Build.0 = Debug|Any CPU
		{0d6850fc-4579-f9ec-6877-f8043893bf08}.Debug|Any CPU.ActiveCfg = Debug|Any CPU
		{0d6850fc-4579-f9ec-6877-f8043893bf08}.Debug|Any CPU.Build.0 = Debug|Any CPU
		{0b5bd18b-17c5-133e-bf89-1490c7631c9b}.Debug|Any CPU.ActiveCfg = Debug|Any CPU
		{0b5bd18b-17c5-133e-bf89-1490c7631c9b}.Debug|Any CPU.Build.0 = Debug|Any CPU
		{c1221b98-4af7-c996-a42a-ad7c45030708}.Debug|Any CPU.ActiveCfg = Debug|Any CPU
		{c1221b98-4af7-c996-a42a-ad7c45030708}.Debug|Any CPU.Build.0 = Debug|Any CPU
		{9efbb9b3-c4f6-b5c8-8a7f-fc723586df7f}.Debug|Any CPU.ActiveCfg = Debug|Any CPU
		{9efbb9b3-c4f6-b5c8-8a7f-fc723586df7f}.Debug|Any CPU.Build.0 = Debug|Any CPU
		{bac2e7bd-217e-3394-a75b-82a60c881b2e}.Debug|Any CPU.ActiveCfg = Debug|Any CPU
		{bac2e7bd-217e-3394-a75b-82a60c881b2e}.Debug|Any CPU.Build.0 = Debug|Any CPU
		{ccb33bfe-d85e-8155-2fb7-88526ad7d040}.Debug|Any CPU.ActiveCfg = Debug|Any CPU
		{ccb33bfe-d85e-8155-2fb7-88526ad7d040}.Debug|Any CPU.Build.0 = Debug|Any CPU
		{09d02360-6061-18c1-bde9-1d7865741c6a}.Debug|Any CPU.ActiveCfg = Debug|Any CPU
		{09d02360-6061-18c1-bde9-1d7865741c6a}.Debug|Any CPU.Build.0 = Debug|Any CPU
		{5101f6e9-15de-7d05-ac56-95f5695beb8f}.Debug|Any CPU.ActiveCfg = Debug|Any CPU
		{5101f6e9-15de-7d05-ac56-95f5695beb8f}.Debug|Any CPU.Build.0 = Debug|Any CPU
		{7399f6a4-7820-c8be-8b13-8619891b5281}.Debug|Any CPU.ActiveCfg = Debug|Any CPU
		{7399f6a4-7820-c8be-8b13-8619891b5281}.Debug|Any CPU.Build.0 = Debug|Any CPU
		{a680ec07-4d89-2f61-b8ab-91623405e9b1}.Debug|Any CPU.ActiveCfg = Debug|Any CPU
		{a680ec07-4d89-2f61-b8ab-91623405e9b1}.Debug|Any CPU.Build.0 = Debug|Any CPU
		{c0b70311-0505-7f00-43f8-e7d426b2a3b3}.Debug|Any CPU.ActiveCfg = Debug|Any CPU
		{c0b70311-0505-7f00-43f8-e7d426b2a3b3}.Debug|Any CPU.Build.0 = Debug|Any CPU
		{832d9c56-7b63-1476-6bfc-cc74952ca3f2}.Debug|Any CPU.ActiveCfg = Debug|Any CPU
		{832d9c56-7b63-1476-6bfc-cc74952ca3f2}.Debug|Any CPU.Build.0 = Debug|Any CPU
		{e5a91954-1a34-88a4-5820-e225faaa5551}.Debug|Any CPU.ActiveCfg = Debug|Any CPU
		{e5a91954-1a34-88a4-5820-e225faaa5551}.Debug|Any CPU.Build.0 = Debug|Any CPU
		{60fac99a-f557-664d-ea70-a9a64320c7d1}.Debug|Any CPU.ActiveCfg = Debug|Any CPU
		{60fac99a-f557-664d-ea70-a9a64320c7d1}.Debug|Any CPU.Build.0 = Debug|Any CPU
		{b106f0a4-3b5a-9d9f-3435-e114f89e92bc}.Debug|Any CPU.ActiveCfg = Debug|Any CPU
		{b106f0a4-3b5a-9d9f-3435-e114f89e92bc}.Debug|Any CPU.Build.0 = Debug|Any CPU
		{6cc72e79-f878-19e6-ac07-be1dae10ffd1}.Debug|Any CPU.ActiveCfg = Debug|Any CPU
		{6cc72e79-f878-19e6-ac07-be1dae10ffd1}.Debug|Any CPU.Build.0 = Debug|Any CPU
		{c3b4542f-f5f2-ad46-b0d5-ed6bbf0cedcf}.Debug|Any CPU.ActiveCfg = Debug|Any CPU
		{c3b4542f-f5f2-ad46-b0d5-ed6bbf0cedcf}.Debug|Any CPU.Build.0 = Debug|Any CPU
		{ecad27f6-6286-0880-648d-0855320ac8a1}.Debug|Any CPU.ActiveCfg = Debug|Any CPU
		{ecad27f6-6286-0880-648d-0855320ac8a1}.Debug|Any CPU.Build.0 = Debug|Any CPU
		{1e0b05a6-48b3-6b3e-a79d-bbfeacd93e8b}.Debug|Any CPU.ActiveCfg = Debug|Any CPU
		{1e0b05a6-48b3-6b3e-a79d-bbfeacd93e8b}.Debug|Any CPU.Build.0 = Debug|Any CPU
		{b6fb8d37-fb21-4d5e-03b9-6589fe9d0323}.Debug|Any CPU.ActiveCfg = Debug|Any CPU
		{b6fb8d37-fb21-4d5e-03b9-6589fe9d0323}.Debug|Any CPU.Build.0 = Debug|Any CPU
		{f4281855-19fa-89fc-af17-6eafc1966a0e}.Debug|Any CPU.ActiveCfg = Debug|Any CPU
		{f4281855-19fa-89fc-af17-6eafc1966a0e}.Debug|Any CPU.Build.0 = Debug|Any CPU
		{143a3c7d-1c83-17e1-beab-36b437e30c98}.Debug|Any CPU.ActiveCfg = Debug|Any CPU
		{143a3c7d-1c83-17e1-beab-36b437e30c98}.Debug|Any CPU.Build.0 = Debug|Any CPU
		{aea25d01-3966-397b-57e5-488fbe8b0436}.Debug|Any CPU.ActiveCfg = Debug|Any CPU
		{aea25d01-3966-397b-57e5-488fbe8b0436}.Debug|Any CPU.Build.0 = Debug|Any CPU
		{6fedb732-2ab7-90e0-b13e-154fd31db7ff}.Debug|Any CPU.ActiveCfg = Debug|Any CPU
		{6fedb732-2ab7-90e0-b13e-154fd31db7ff}.Debug|Any CPU.Build.0 = Debug|Any CPU
		{10300acc-8c2f-aaf4-3d5f-1da798035ab2}.Debug|Any CPU.ActiveCfg = Debug|Any CPU
		{10300acc-8c2f-aaf4-3d5f-1da798035ab2}.Debug|Any CPU.Build.0 = Debug|Any CPU
		{c362f9bf-0624-0147-a741-369c2cfa20f2}.Debug|Any CPU.ActiveCfg = Debug|Any CPU
		{c362f9bf-0624-0147-a741-369c2cfa20f2}.Debug|Any CPU.Build.0 = Debug|Any CPU
		{17bb7678-8bba-9ee3-f4ba-9c575c63c397}.Debug|Any CPU.ActiveCfg = Debug|Any CPU
		{17bb7678-8bba-9ee3-f4ba-9c575c63c397}.Debug|Any CPU.Build.0 = Debug|Any CPU
		{c9cce8bd-4c03-8454-bd73-6b4482072e9d}.Debug|Any CPU.ActiveCfg = Debug|Any CPU
		{c9cce8bd-4c03-8454-bd73-6b4482072e9d}.Debug|Any CPU.Build.0 = Debug|Any CPU
		{badf6d0f-19ce-83bd-a3f1-c5139b0dc49b}.Debug|Any CPU.ActiveCfg = Debug|Any CPU
		{badf6d0f-19ce-83bd-a3f1-c5139b0dc49b}.Debug|Any CPU.Build.0 = Debug|Any CPU
		{141e7a84-709c-be72-57f0-c4ddf6ecb055}.Debug|Any CPU.ActiveCfg = Debug|Any CPU
		{141e7a84-709c-be72-57f0-c4ddf6ecb055}.Debug|Any CPU.Build.0 = Debug|Any CPU
		{90062cf2-6dc1-273d-ed10-f9ff0daa51db}.Debug|Any CPU.ActiveCfg = Debug|Any CPU
		{90062cf2-6dc1-273d-ed10-f9ff0daa51db}.Debug|Any CPU.Build.0 = Debug|Any CPU
		{2b398d51-e72c-7866-3377-8d0ccc5c8087}.Debug|Any CPU.ActiveCfg = Debug|Any CPU
		{2b398d51-e72c-7866-3377-8d0ccc5c8087}.Debug|Any CPU.Build.0 = Debug|Any CPU
		{b2b8c014-5c03-4537-65eb-77a18ccb2de9}.Debug|Any CPU.ActiveCfg = Debug|Any CPU
		{b2b8c014-5c03-4537-65eb-77a18ccb2de9}.Debug|Any CPU.Build.0 = Debug|Any CPU
		{1ff6b9fc-f882-53a2-d04a-b385e3a00c03}.Debug|Any CPU.ActiveCfg = Debug|Any CPU
		{1ff6b9fc-f882-53a2-d04a-b385e3a00c03}.Debug|Any CPU.Build.0 = Debug|Any CPU
	EndGlobalSection
	GlobalSection(SolutionProperties) = preSolution
		HideSolutionNode = FALSE
	EndGlobalSection
EndGlobal
