
Microsoft Visual Studio Solution File, Format Version 11.00
# Visual Studio 2010
Project("{FAE04EC0-301F-11D3-BF4B-00C04F79EFBC}") = "Assembly-CSharp", "Assembly-CSharp.csproj", "{e7563c01-2c26-8997-fbee-548453be4d5d}"
EndProject
Project("{FAE04EC0-301F-11D3-BF4B-00C04F79EFBC}") = "Rewired_Windows_Functions", "Rewired_Windows_Functions.csproj", "{cb613a48-860c-0940-3230-813fb50b1768}"
EndProject
Project("{FAE04EC0-301F-11D3-BF4B-00C04F79EFBC}") = "Assembly-CSharp-Editor", "Assembly-CSharp-Editor.csproj", "{2b5d46fa-44af-0ada-2c81-69cc25106fce}"
EndProject
Global
	GlobalSection(SolutionConfigurationPlatforms) = preSolution
		Debug|Any CPU = Debug|Any CPU
	EndGlobalSection
	GlobalSection(ProjectConfigurationPlatforms) = postSolution
		{e7563c01-2c26-8997-fbee-548453be4d5d}.Debug|Any CPU.ActiveCfg = Debug|Any CPU
		{e7563c01-2c26-8997-fbee-548453be4d5d}.Debug|Any CPU.Build.0 = Debug|Any CPU
		{cb613a48-860c-0940-3230-813fb50b1768}.Debug|Any CPU.ActiveCfg = Debug|Any CPU
		{cb613a48-860c-0940-3230-813fb50b1768}.Debug|Any CPU.Build.0 = Debug|Any CPU
		{2b5d46fa-44af-0ada-2c81-69cc25106fce}.Debug|Any CPU.ActiveCfg = Debug|Any CPU
		{2b5d46fa-44af-0ada-2c81-69cc25106fce}.Debug|Any CPU.Build.0 = Debug|Any CPU
	EndGlobalSection
	GlobalSection(SolutionProperties) = preSolution
		HideSolutionNode = FALSE
	EndGlobalSection
EndGlobal
